
Microsoft Visual Studio Solution File, Format Version 12.00
# Visual Studio Version 17
VisualStudioVersion = 17.6.33801.468
MinimumVisualStudioVersion = 10.0.40219.1
Project("{FAE04EC0-301F-11D3-BF4B-00C04F79EFBC}") = "GameCatalogReact2", "GameCatalogReact2.csproj", "{63421057-85B2-4538-97E4-161A62A2B4A2}"
EndProject
Project("{00D1A9C2-B5F0-4AF3-8072-F6C62B433612}") = "GameCatalogDatabase", "..\GameCatalogDatabase\GameCatalogDatabase.sqlproj", "{DFCFE19E-DE77-4295-8F04-9BE98F8FD165}"
EndProject
Global
	GlobalSection(SolutionConfigurationPlatforms) = preSolution
		Debug|Any CPU = Debug|Any CPU
		Release|Any CPU = Release|Any CPU
	EndGlobalSection
	GlobalSection(ProjectConfigurationPlatforms) = postSolution
		{63421057-85B2-4538-97E4-161A62A2B4A2}.Debug|Any CPU.ActiveCfg = Debug|Any CPU
		{63421057-85B2-4538-97E4-161A62A2B4A2}.Debug|Any CPU.Build.0 = Debug|Any CPU
		{63421057-85B2-4538-97E4-161A62A2B4A2}.Release|Any CPU.ActiveCfg = Release|Any CPU
		{63421057-85B2-4538-97E4-161A62A2B4A2}.Release|Any CPU.Build.0 = Release|Any CPU
		{DFCFE19E-DE77-4295-8F04-9BE98F8FD165}.Debug|Any CPU.ActiveCfg = Debug|Any CPU
		{DFCFE19E-DE77-4295-8F04-9BE98F8FD165}.Debug|Any CPU.Build.0 = Debug|Any CPU
		{DFCFE19E-DE77-4295-8F04-9BE98F8FD165}.Debug|Any CPU.Deploy.0 = Debug|Any CPU
		{DFCFE19E-DE77-4295-8F04-9BE98F8FD165}.Release|Any CPU.ActiveCfg = Release|Any CPU
		{DFCFE19E-DE77-4295-8F04-9BE98F8FD165}.Release|Any CPU.Build.0 = Release|Any CPU
		{DFCFE19E-DE77-4295-8F04-9BE98F8FD165}.Release|Any CPU.Deploy.0 = Release|Any CPU
	EndGlobalSection
	GlobalSection(SolutionProperties) = preSolution
		HideSolutionNode = FALSE
	EndGlobalSection
	GlobalSection(ExtensibilityGlobals) = postSolution
		SolutionGuid = {E85C68D8-68B0-4490-A8F1-26C77D6B627B}
	EndGlobalSection
EndGlobal
